
Microsoft Visual Studio Solution File, Format Version 12.00
# Visual Studio Version 16
VisualStudioVersion = 16.0.30114.105
MinimumVisualStudioVersion = 10.0.40219.1
Project("{FAE04EC0-301F-11D3-BF4B-00C04F79EFBC}") = "BuberBreakFast.Contracts", "BuberBreakFast.Contracts\BuberBreakFast.Contracts.csproj", "{EBB879A5-5975-42D8-AE03-8A638F2449A9}"
EndProject
Project("{FAE04EC0-301F-11D3-BF4B-00C04F79EFBC}") = "BuberBreakfast", "BuberBreakFast\BuberBreakfast.csproj", "{1EECB9EE-51DA-4C0B-B97E-06D8B5C0FCE1}"
EndProject
Global
	GlobalSection(SolutionConfigurationPlatforms) = preSolution
		Debug|Any CPU = Debug|Any CPU
		Release|Any CPU = Release|Any CPU
	EndGlobalSection
	GlobalSection(SolutionProperties) = preSolution
		HideSolutionNode = FALSE
	EndGlobalSection
	GlobalSection(ProjectConfigurationPlatforms) = postSolution
		{EBB879A5-5975-42D8-AE03-8A638F2449A9}.Debug|Any CPU.ActiveCfg = Debug|Any CPU
		{EBB879A5-5975-42D8-AE03-8A638F2449A9}.Debug|Any CPU.Build.0 = Debug|Any CPU
		{EBB879A5-5975-42D8-AE03-8A638F2449A9}.Release|Any CPU.ActiveCfg = Release|Any CPU
		{EBB879A5-5975-42D8-AE03-8A638F2449A9}.Release|Any CPU.Build.0 = Release|Any CPU
		{1EECB9EE-51DA-4C0B-B97E-06D8B5C0FCE1}.Debug|Any CPU.ActiveCfg = Debug|Any CPU
		{1EECB9EE-51DA-4C0B-B97E-06D8B5C0FCE1}.Debug|Any CPU.Build.0 = Debug|Any CPU
		{1EECB9EE-51DA-4C0B-B97E-06D8B5C0FCE1}.Release|Any CPU.ActiveCfg = Release|Any CPU
		{1EECB9EE-51DA-4C0B-B97E-06D8B5C0FCE1}.Release|Any CPU.Build.0 = Release|Any CPU
	EndGlobalSection
EndGlobal
